# THIS IS AN AUTOGENERATED FILE. DO NOT EDIT THIS FILE DIRECTLY.
# yarn lockfile v1


"@babel/runtime@^7.16.3":
  version "7.16.3"
  resolved "https://registry.yarnpkg.com/@babel/runtime/-/runtime-7.16.3.tgz#b86f0db02a04187a3c17caa77de69840165d42d5"
  integrity sha512-WBwekcqacdY2e9AF/Q7WLFUWmdJGJTkbjqTjoMDgXkVZ3ZRUvOPsLb5KdwISoQVsbP+DQzVZW4Zhci0DvpbNTQ==
  dependencies:
    regenerator-runtime "^0.13.4"

"@babel/runtime@^7.17.2":
  version "7.17.2"
  resolved "https://registry.yarnpkg.com/@babel/runtime/-/runtime-7.17.2.tgz#66f68591605e59da47523c631416b18508779941"
  integrity sha512-hzeyJyMA1YGdJTuWU0e/j4wKXrU4OMFvY2MSlaI9B7VQb0r5cxTE3EAIS2Q7Tn2RIcDkRvTA/v2JsAEhxe99uw==
  dependencies:
    regenerator-runtime "^0.13.4"

"@noble/hashes@1.0.0":
  version "1.0.0"
  resolved "https://registry.yarnpkg.com/@noble/hashes/-/hashes-1.0.0.tgz#d5e38bfbdaba174805a4e649f13be9a9ed3351ae"
  integrity sha512-DZVbtY62kc3kkBtMHqwCOfXrT/hnoORy5BJ4+HU1IR59X0KWAOqsfzQPcUl/lQLlG7qXbe/fZ3r/emxtAl+sqg==

"@noble/secp256k1@1.5.2":
  version "1.5.2"
  resolved "https://registry.yarnpkg.com/@noble/secp256k1/-/secp256k1-1.5.2.tgz#40399e4fba54f588fda14fc03a4499044fdcab24"
  integrity sha512-5mzA40W2q55VCRuC9XzmkiEnODdY0c5a7qsK2QcOfI5/MuVQyBaWGQyE6YOEF7kDwp+tDVWGsCDVJUME+wsWWw==

"@polkadot/networks@8.4.1", "@polkadot/networks@^8.4.1":
  version "8.4.1"
  resolved "https://registry.yarnpkg.com/@polkadot/networks/-/networks-8.4.1.tgz#c22585edb38f5ae0a329a1f471577d8b35bf64e4"
  integrity sha512-YFY3fPLbc1Uz9zsX4TOzjY/FF09nABMgrMkvqddrVbSgo71NvoBv3Gqw3mKV/7bX1Gzk1ODfvTzamdpsKEWSnA==
  dependencies:
    "@babel/runtime" "^7.17.2"
    "@polkadot/util" "8.4.1"
    "@substrate/ss58-registry" "^1.14.0"

"@polkadot/util-crypto@^8.4.1":
  version "8.4.1"
  resolved "https://registry.yarnpkg.com/@polkadot/util-crypto/-/util-crypto-8.4.1.tgz#41ff754dc995b681913fc0a484bb0d309221a703"
  integrity sha512-mWjp83aIWw+EhKN9RkUDmubXibo25q5yHJl4BGm2gT71yTZcABB7q1SGfpDqLH9AB3eXJiutqhC4L3SH7YZ+6Q==
  dependencies:
    "@babel/runtime" "^7.17.2"
    "@noble/hashes" "1.0.0"
    "@noble/secp256k1" "1.5.2"
    "@polkadot/networks" "8.4.1"
    "@polkadot/util" "8.4.1"
    "@polkadot/wasm-crypto" "^4.5.1"
    "@polkadot/x-bigint" "8.4.1"
    "@polkadot/x-randomvalues" "8.4.1"
    "@scure/base" "1.0.0"
    ed2curve "^0.3.0"
    tweetnacl "^1.0.3"

"@polkadot/util@8.4.1", "@polkadot/util@^8.4.1":
  version "8.4.1"
  resolved "https://registry.yarnpkg.com/@polkadot/util/-/util-8.4.1.tgz#b84835c55585c8b5fc5608a99aa62ac815292ae7"
  integrity sha512-8+wqHgFbFWI5TfrvtcL888w0nWvFpbTTYIcbpEw+zYGp3n1YZTAMMP26bXWAaQX5AttxynJRij7JP3ySxYY1fg==
  dependencies:
    "@babel/runtime" "^7.17.2"
    "@polkadot/x-bigint" "8.4.1"
    "@polkadot/x-global" "8.4.1"
    "@polkadot/x-textdecoder" "8.4.1"
    "@polkadot/x-textencoder" "8.4.1"
    "@types/bn.js" "^5.1.0"
    bn.js "^5.2.0"
    ip-regex "^4.3.0"

"@polkadot/wasm-crypto-asmjs@^4.5.1":
  version "4.5.1"
  resolved "https://registry.yarnpkg.com/@polkadot/wasm-crypto-asmjs/-/wasm-crypto-asmjs-4.5.1.tgz#e1025a49e106db11d1187caf65f56c960ea2ad2b"
  integrity sha512-DOdRiWhxVvmqTvp+E9z1j+Yr0zDOGsDvqnT/eNw0Dl1FVUOImsEa7FKns/urASmcxCVEE1jtUWSnij29jrORMQ==
  dependencies:
    "@babel/runtime" "^7.16.3"

"@polkadot/wasm-crypto-wasm@^4.5.1":
  version "4.5.1"
  resolved "https://registry.yarnpkg.com/@polkadot/wasm-crypto-wasm/-/wasm-crypto-wasm-4.5.1.tgz#063a58ff7ddd939b7886a6a238109a8d2c416e46"
  integrity sha512-hPwke85HxpgG/RAlwdCE8u5w7bThvWg399mlB+XjogXMxOUWBZSgq2XYbgzROUXx27inK9nStF4Pnc4zJnqs9A==
  dependencies:
    "@babel/runtime" "^7.16.3"

"@polkadot/wasm-crypto@^4.5.1":
  version "4.5.1"
  resolved "https://registry.yarnpkg.com/@polkadot/wasm-crypto/-/wasm-crypto-4.5.1.tgz#e1ac6d846a0ad8e991cec128994524183ef6e8fd"
  integrity sha512-Cr21ais3Kq3aedIHZ3J1tjgeD/+K8FCiwEawr0oRywNBSJR8wyuZMePs4swR/6xm8wbBkpqoBVHz/UQHqqQJmA==
  dependencies:
    "@babel/runtime" "^7.16.3"
    "@polkadot/wasm-crypto-asmjs" "^4.5.1"
    "@polkadot/wasm-crypto-wasm" "^4.5.1"

"@polkadot/x-bigint@8.4.1":
  version "8.4.1"
  resolved "https://registry.yarnpkg.com/@polkadot/x-bigint/-/x-bigint-8.4.1.tgz#d3ccddd26cdc5413f5c722d8c53ec523299e3ff1"
  integrity sha512-QVP0UMoM0nBD998s3ESeaoSiVMEnHK3x0CCqocKO4l7ADNw8lfWdDG7Bb0+ymNaFYGz2KgEWxkN0VhNEnXzo0w==
  dependencies:
    "@babel/runtime" "^7.17.2"
    "@polkadot/x-global" "8.4.1"

"@polkadot/x-global@8.4.1":
  version "8.4.1"
  resolved "https://registry.yarnpkg.com/@polkadot/x-global/-/x-global-8.4.1.tgz#61def1f5962001200c17b9fde92f6837736b3c55"
  integrity sha512-MQs89LKQrJwiXjV7dY2kDOPNaiWrwaQ/Fzg93ycB2xMCclRV1jRFRhnhTPJ8Ao79lhCCoazd7pXIyFgfifxdqg==
  dependencies:
    "@babel/runtime" "^7.17.2"

"@polkadot/x-randomvalues@8.4.1":
  version "8.4.1"
  resolved "https://registry.yarnpkg.com/@polkadot/x-randomvalues/-/x-randomvalues-8.4.1.tgz#4488d2d6b982e7b2ecafc573cd25e3f1e85a512c"
  integrity sha512-1dRIFIib4RzyVo0k5oMLuxqSuZEV6UVvvN+jJw9G/9P1ggZtHjM1KwoFcyHgvpk2RWTB9eJZFemwSvQTpdmSJw==
  dependencies:
    "@babel/runtime" "^7.17.2"
    "@polkadot/x-global" "8.4.1"

"@polkadot/x-textdecoder@8.4.1":
  version "8.4.1"
  resolved "https://registry.yarnpkg.com/@polkadot/x-textdecoder/-/x-textdecoder-8.4.1.tgz#5a227006d183f5ec3a8a331ca38e4969d24c4a97"
  integrity sha512-qbSXyR2KvE1bO6QGsxWU3Yrx5e70rX2lwv0MHG++MyyNaDoBM3hjx14lF911bYRWXR6MW4eZ+0Nakn0oM5uSKw==
  dependencies:
    "@babel/runtime" "^7.17.2"
    "@polkadot/x-global" "8.4.1"

"@polkadot/x-textencoder@8.4.1":
  version "8.4.1"
  resolved "https://registry.yarnpkg.com/@polkadot/x-textencoder/-/x-textencoder-8.4.1.tgz#ea01733ce6b80821bf8af943a1d98878a9150af5"
  integrity sha512-1UYuckNOk6NUk70Y/SGbK8oyGbqPlrny1x2OWoK/BT3/tyL2xKVV5TlXDOiFrX1PChbskXye5M8blCTYikFiJg==
  dependencies:
    "@babel/runtime" "^7.17.2"
    "@polkadot/x-global" "8.4.1"

"@scure/base@1.0.0":
  version "1.0.0"
  resolved "https://registry.yarnpkg.com/@scure/base/-/base-1.0.0.tgz#109fb595021de285f05a7db6806f2f48296fcee7"
  integrity sha512-gIVaYhUsy+9s58m/ETjSJVKHhKTBMmcRb9cEV5/5dwvfDlfORjKrFsDeDHWRrm6RjcPvCLZFwGJjAjLj1gg4HA==

"@substrate/ss58-registry@^1.14.0":
  version "1.14.0"
  resolved "https://registry.yarnpkg.com/@substrate/ss58-registry/-/ss58-registry-1.14.0.tgz#0ad216d3e213a79746959c2c371ec1fdebe4de86"
  integrity sha512-SRZqDyGcImk1Wr2xZo9xp6BeydX0dJk/QJdKPb18oc+tc3OZ8NofuT587TRJsz6qPMCTyNWUNRrqnApgAB/B3g==

"@types/bn.js@^5.1.0":
  version "5.1.0"
  resolved "https://registry.yarnpkg.com/@types/bn.js/-/bn.js-5.1.0.tgz#32c5d271503a12653c62cf4d2b45e6eab8cebc68"
  integrity sha512-QSSVYj7pYFN49kW77o2s9xTCwZ8F2xLbjLLSEVh8D2F4JUhZtPAGOFLTD+ffqksBx/u4cE/KImFjyhqCjn/LIA==
  dependencies:
    "@types/node" "*"

"@types/node@*":
  version "14.14.22"
  resolved "https://registry.yarnpkg.com/@types/node/-/node-14.14.22.tgz#0d29f382472c4ccf3bd96ff0ce47daf5b7b84b18"
  integrity sha512-g+f/qj/cNcqKkc3tFqlXOYjrmZA+jNBiDzbP3kH+B+otKFqAdPgVTGP1IeKRdMml/aE69as5S4FqtxAbl+LaMw==

bn.js@^5.2.0:
  version "5.2.0"
  resolved "https://registry.yarnpkg.com/bn.js/-/bn.js-5.2.0.tgz#358860674396c6997771a9d051fcc1b57d4ae002"
  integrity sha512-D7iWRBvnZE8ecXiLj/9wbxH7Tk79fAh8IHaTNq1RWRixsS02W+5qS+iE9yq6RYl0asXx5tw0bLhmT5pIfbSquw==

ed2curve@^0.3.0:
  version "0.3.0"
  resolved "https://registry.yarnpkg.com/ed2curve/-/ed2curve-0.3.0.tgz#322b575152a45305429d546b071823a93129a05d"
  integrity sha512-8w2fmmq3hv9rCrcI7g9hms2pMunQr1JINfcjwR9tAyZqhtyaMN991lF/ZfHfr5tzZQ8c7y7aBgZbjfbd0fjFwQ==
  dependencies:
    tweetnacl "1.x.x"

ip-regex@^4.3.0:
  version "4.3.0"
  resolved "https://registry.yarnpkg.com/ip-regex/-/ip-regex-4.3.0.tgz#687275ab0f57fa76978ff8f4dddc8a23d5990db5"
  integrity sha512-B9ZWJxHHOHUhUjCPrMpLD4xEq35bUTClHM1S6CBU5ixQnkZmwipwgc96vAd7AAGM9TGHvJR+Uss+/Ak6UphK+Q==

regenerator-runtime@^0.13.4:
  version "0.13.7"
  resolved "https://registry.yarnpkg.com/regenerator-runtime/-/regenerator-runtime-0.13.7.tgz#cac2dacc8a1ea675feaabaeb8ae833898ae46f55"
  integrity sha512-a54FxoJDIr27pgf7IgeQGxmqUNYrcV338lf/6gH456HZ/PhX+5BcwHXG9ajESmwe6WRO0tAzRUrRmNONWgkrew==

tweetnacl@1.x.x, tweetnacl@^1.0.3:
  version "1.0.3"
  resolved "https://registry.yarnpkg.com/tweetnacl/-/tweetnacl-1.0.3.tgz#ac0af71680458d8a6378d0d0d050ab1407d35596"
  integrity sha512-6rt+RN7aOi1nGMyC4Xa5DdYiukl2UWCbcJft7YhxReBGQD7OAM8Pbxw6YMo4r2diNEA8FEmu32YOn9rhaiE5yw==
